
Microsoft Visual Studio Solution File, Format Version 12.00
# Visual Studio 15
VisualStudioVersion = 15.0.28010.2041
MinimumVisualStudioVersion = 10.0.40219.1
Project("{FAE04EC0-301F-11D3-BF4B-00C04F79EFBC}") = "PizzaSlice", "PizzaSlice\PizzaSlice.csproj", "{F79C8C0E-2048-4191-AEC8-76EC0CF2CA09}"
EndProject
Global
	GlobalSection(SolutionConfigurationPlatforms) = preSolution
		Debug|Any CPU = Debug|Any CPU
		Release|Any CPU = Release|Any CPU
	EndGlobalSection
	GlobalSection(ProjectConfigurationPlatforms) = postSolution
		{F79C8C0E-2048-4191-AEC8-76EC0CF2CA09}.Debug|Any CPU.ActiveCfg = Debug|Any CPU
		{F79C8C0E-2048-4191-AEC8-76EC0CF2CA09}.Debug|Any CPU.Build.0 = Debug|Any CPU
		{F79C8C0E-2048-4191-AEC8-76EC0CF2CA09}.Release|Any CPU.ActiveCfg = Release|Any CPU
		{F79C8C0E-2048-4191-AEC8-76EC0CF2CA09}.Release|Any CPU.Build.0 = Release|Any CPU
	EndGlobalSection
	GlobalSection(SolutionProperties) = preSolution
		HideSolutionNode = FALSE
	EndGlobalSection
	GlobalSection(ExtensibilityGlobals) = postSolution
		SolutionGuid = {96A28AA8-58AF-4FBB-AFAD-AE889819D578}
	EndGlobalSection
EndGlobal
